// !$*UTF8*$!
{
	archiveVersion = 1;
	classes = {
	};
	objectVersion = 56;
	objects = {

/* Begin PBXBuildFile section */
		0DEBE640238D3287FD53FFB8 /* Pods_vipl.framework in Frameworks */ = {isa = PBXBuildFile; fileRef = F716EB324AD3784008B18843 /* Pods_vipl.framework */; };
		851040D62951B1FE00320EC7 /* RangeSlider.swift in Sources */ = {isa = PBXBuildFile; fileRef = 851040D52951B1FE00320EC7 /* RangeSlider.swift */; };
		851040D829540F8E00320EC7 /* AVPlayerController.swift in Sources */ = {isa = PBXBuildFile; fileRef = 851040D729540F8E00320EC7 /* AVPlayerController.swift */; };
		851040DA2955185C00320EC7 /* CollectionView.storyboard in Resources */ = {isa = PBXBuildFile; fileRef = 851040D92955185C00320EC7 /* CollectionView.storyboard */; };
		851040DC29551E1900320EC7 /* CollectionViewController.swift in Sources */ = {isa = PBXBuildFile; fileRef = 851040DB29551E1900320EC7 /* CollectionViewController.swift */; };
		851040DE295637B200320EC7 /* CaptureHelper.swift in Sources */ = {isa = PBXBuildFile; fileRef = 851040DD295637B200320EC7 /* CaptureHelper.swift */; };
		851040E5295C1AD900320EC7 /* OverlayView.swift in Sources */ = {isa = PBXBuildFile; fileRef = 851040E4295C1AD900320EC7 /* OverlayView.swift */; };
		851040EB295C1B2800320EC7 /* PoseNetTF.swift in Sources */ = {isa = PBXBuildFile; fileRef = 851040E6295C1B2800320EC7 /* PoseNetTF.swift */; };
		851040EC295C1B2800320EC7 /* PoseData.swift in Sources */ = {isa = PBXBuildFile; fileRef = 851040E7295C1B2800320EC7 /* PoseData.swift */; };
		851040ED295C1B2800320EC7 /* MoveNet.swift in Sources */ = {isa = PBXBuildFile; fileRef = 851040E8295C1B2800320EC7 /* MoveNet.swift */; };
		851040EE295C1B2800320EC7 /* PoseConfig.swift in Sources */ = {isa = PBXBuildFile; fileRef = 851040E9295C1B2800320EC7 /* PoseConfig.swift */; };
		851040EF295C1B2800320EC7 /* PoseEstimator.swift in Sources */ = {isa = PBXBuildFile; fileRef = 851040EA295C1B2800320EC7 /* PoseEstimator.swift */; };
		851040F3295C1B4200320EC7 /* CGSize+TFLite.swift in Sources */ = {isa = PBXBuildFile; fileRef = 851040F0295C1B4200320EC7 /* CGSize+TFLite.swift */; };
		851040F4295C1B4200320EC7 /* Data+TFLite.swift in Sources */ = {isa = PBXBuildFile; fileRef = 851040F1295C1B4200320EC7 /* Data+TFLite.swift */; };
		851040F5295C1B4200320EC7 /* CVPixelBuffer+TFLite.swift in Sources */ = {isa = PBXBuildFile; fileRef = 851040F2295C1B4200320EC7 /* CVPixelBuffer+TFLite.swift */; };
		851040FC295D8E0E00320EC7 /* Poser.swift in Sources */ = {isa = PBXBuildFile; fileRef = 851040FB295D8E0E00320EC7 /* Poser.swift */; };
		851040FD295E134000320EC7 /* movenet_lightning.tflite in Resources */ = {isa = PBXBuildFile; fileRef = 851040E3295C15FE00320EC7 /* movenet_lightning.tflite */; };
		851040FE295E134000320EC7 /* movenet_thunder.tflite in Resources */ = {isa = PBXBuildFile; fileRef = 851040E1295C15FE00320EC7 /* movenet_thunder.tflite */; };
		851040FF295E134000320EC7 /* posenet.tflite in Resources */ = {isa = PBXBuildFile; fileRef = 851040E2295C15FE00320EC7 /* posenet.tflite */; };
		85169D4D294AA664007C081F /* CaptureView.storyboard in Resources */ = {isa = PBXBuildFile; fileRef = 85169D4C294AA664007C081F /* CaptureView.storyboard */; };
		85169D4F294AA8EB007C081F /* CapturePreviewView.swift in Sources */ = {isa = PBXBuildFile; fileRef = 85169D4E294AA8EB007C081F /* CapturePreviewView.swift */; };
		85169D51294AAE71007C081F /* CaptureViewController.swift in Sources */ = {isa = PBXBuildFile; fileRef = 85169D50294AAE71007C081F /* CaptureViewController.swift */; };
		852AA713296CAB9000107AF7 /* CMTime+Extension.swift in Sources */ = {isa = PBXBuildFile; fileRef = 852AA712296CAB9000107AF7 /* CMTime+Extension.swift */; };
		853F4D75296A861D0093C3AF /* PointCloudPlayer.swift in Sources */ = {isa = PBXBuildFile; fileRef = 853F4D74296A861D0093C3AF /* PointCloudPlayer.swift */; };
		853F4D77296A91210093C3AF /* RingBuffer.swift in Sources */ = {isa = PBXBuildFile; fileRef = 853F4D76296A91210093C3AF /* RingBuffer.swift */; };
		857D12B3296EB55C006A8BE5 /* PointCloudRecorder.cpp in Sources */ = {isa = PBXBuildFile; fileRef = 857D12B2296EB55C006A8BE5 /* PointCloudRecorder.cpp */; };
		857D12B8296F394F006A8BE5 /* PointCloudRecorderObjc.mm in Sources */ = {isa = PBXBuildFile; fileRef = 857D12B7296F394F006A8BE5 /* PointCloudRecorderObjc.mm */; };
		857D12BA2970FD0F006A8BE5 /* FileSystemHelper.swift in Sources */ = {isa = PBXBuildFile; fileRef = 857D12B92970FD0F006A8BE5 /* FileSystemHelper.swift */; };
		857D12BC29738406006A8BE5 /* PlayerViewController+Gesture.swift in Sources */ = {isa = PBXBuildFile; fileRef = 857D12BB29738406006A8BE5 /* PlayerViewController+Gesture.swift */; };
		857D12C829761687006A8BE5 /* PoseCollection.swift in Sources */ = {isa = PBXBuildFile; fileRef = 857D12C729761687006A8BE5 /* PoseCollection.swift */; };
		85A501E329627223005F2382 /* Cache.swift in Sources */ = {isa = PBXBuildFile; fileRef = 85A501E229627223005F2382 /* Cache.swift */; };
		85A501E52963E383005F2382 /* CaptureMovieFileOutput.swift in Sources */ = {isa = PBXBuildFile; fileRef = 85A501E42963E383005F2382 /* CaptureMovieFileOutput.swift */; };
		85A501E7296536A0005F2382 /* AVAsset+Extension.swift in Sources */ = {isa = PBXBuildFile; fileRef = 85A501E6296536A0005F2382 /* AVAsset+Extension.swift */; };
		85AC1B09293EBAEE00CA4556 /* AppDelegate.swift in Sources */ = {isa = PBXBuildFile; fileRef = 85AC1B08293EBAEE00CA4556 /* AppDelegate.swift */; };
		85AC1B0B293EBAEE00CA4556 /* SceneDelegate.swift in Sources */ = {isa = PBXBuildFile; fileRef = 85AC1B0A293EBAEE00CA4556 /* SceneDelegate.swift */; };
		85AC1B0D293EBAEE00CA4556 /* ViewController.swift in Sources */ = {isa = PBXBuildFile; fileRef = 85AC1B0C293EBAEE00CA4556 /* ViewController.swift */; };
		85AC1B10293EBAEE00CA4556 /* Main.storyboard in Resources */ = {isa = PBXBuildFile; fileRef = 85AC1B0E293EBAEE00CA4556 /* Main.storyboard */; };
		85AC1B12293EBAEF00CA4556 /* Assets.xcassets in Resources */ = {isa = PBXBuildFile; fileRef = 85AC1B11293EBAEF00CA4556 /* Assets.xcassets */; };
		85AC1B15293EBAEF00CA4556 /* LaunchScreen.storyboard in Resources */ = {isa = PBXBuildFile; fileRef = 85AC1B13293EBAEF00CA4556 /* LaunchScreen.storyboard */; };
		85AC1B20293EBAEF00CA4556 /* viplTests.swift in Sources */ = {isa = PBXBuildFile; fileRef = 85AC1B1F293EBAEF00CA4556 /* viplTests.swift */; };
		85AC1B2A293EBAEF00CA4556 /* viplUITests.swift in Sources */ = {isa = PBXBuildFile; fileRef = 85AC1B29293EBAEF00CA4556 /* viplUITests.swift */; };
		85AC1B2C293EBAEF00CA4556 /* viplUITestsLaunchTests.swift in Sources */ = {isa = PBXBuildFile; fileRef = 85AC1B2B293EBAEF00CA4556 /* viplUITestsLaunchTests.swift */; };
		85AC1B772947BBB900CA4556 /* PlayerViewController.swift in Sources */ = {isa = PBXBuildFile; fileRef = 85AC1B762947BBB900CA4556 /* PlayerViewController.swift */; };
		85C8C646295F76F300012236 /* PoseBuilder+Multiple.swift in Sources */ = {isa = PBXBuildFile; fileRef = 85C8C63B295F76F300012236 /* PoseBuilder+Multiple.swift */; };
		85C8C647295F76F300012236 /* PoseBuilderConfiguration.swift in Sources */ = {isa = PBXBuildFile; fileRef = 85C8C63C295F76F300012236 /* PoseBuilderConfiguration.swift */; };
		85C8C648295F76F300012236 /* Pose.swift in Sources */ = {isa = PBXBuildFile; fileRef = 85C8C63D295F76F300012236 /* Pose.swift */; };
		85C8C649295F76F300012236 /* PoseBuilder.swift in Sources */ = {isa = PBXBuildFile; fileRef = 85C8C63E295F76F300012236 /* PoseBuilder.swift */; };
		85C8C64A295F76F300012236 /* CGPoint+Extension.swift in Sources */ = {isa = PBXBuildFile; fileRef = 85C8C63F295F76F300012236 /* CGPoint+Extension.swift */; };
		85C8C64B295F76F300012236 /* CGImage+Extension.swift in Sources */ = {isa = PBXBuildFile; fileRef = 85C8C640295F76F300012236 /* CGImage+Extension.swift */; };
		85C8C64C295F76F300012236 /* PoseBuilder+Single.swift in Sources */ = {isa = PBXBuildFile; fileRef = 85C8C641295F76F300012236 /* PoseBuilder+Single.swift */; };
		85C8C64D295F76F300012236 /* PoseNet.swift in Sources */ = {isa = PBXBuildFile; fileRef = 85C8C642295F76F300012236 /* PoseNet.swift */; };
		85C8C64E295F76F300012236 /* PoseNetInput.swift in Sources */ = {isa = PBXBuildFile; fileRef = 85C8C643295F76F300012236 /* PoseNetInput.swift */; };
		85C8C64F295F76F300012236 /* PoseNetOutput.swift in Sources */ = {isa = PBXBuildFile; fileRef = 85C8C644295F76F300012236 /* PoseNetOutput.swift */; };
		85C8C650295F76F300012236 /* Joint.swift in Sources */ = {isa = PBXBuildFile; fileRef = 85C8C645295F76F300012236 /* Joint.swift */; };
		85C8C652295F77BE00012236 /* PoseNetMobileNet100S16FP16.mlmodel in Sources */ = {isa = PBXBuildFile; fileRef = 85C8C651295F77BE00012236 /* PoseNetMobileNet100S16FP16.mlmodel */; };
		85C8C654295F906400012236 /* PoseNetMobileNet075S16FP16.mlmodel in Sources */ = {isa = PBXBuildFile; fileRef = 85C8C653295F906400012236 /* PoseNetMobileNet075S16FP16.mlmodel */; };
		85C8C657295FAD3A00012236 /* DeepLabV3.mlmodel in Sources */ = {isa = PBXBuildFile; fileRef = 85C8C656295FAD3A00012236 /* DeepLabV3.mlmodel */; };
		85C8C659295FAD6C00012236 /* DeepLab.swift in Sources */ = {isa = PBXBuildFile; fileRef = 85C8C658295FAD6C00012236 /* DeepLab.swift */; };
		85C8C69C295FCECD00012236 /* CGImage+RawBytes.swift in Sources */ = {isa = PBXBuildFile; fileRef = 85C8C68B295FCECD00012236 /* CGImage+RawBytes.swift */; };
		85C8C69D295FCECD00012236 /* MLModel+Images.swift in Sources */ = {isa = PBXBuildFile; fileRef = 85C8C68C295FCECD00012236 /* MLModel+Images.swift */; };
		85C8C69E295FCECD00012236 /* CVPixelBuffer+Resize.swift in Sources */ = {isa = PBXBuildFile; fileRef = 85C8C68D295FCECD00012236 /* CVPixelBuffer+Resize.swift */; };
		85C8C69F295FCECD00012236 /* Array+Extensions.swift in Sources */ = {isa = PBXBuildFile; fileRef = 85C8C68E295FCECD00012236 /* Array+Extensions.swift */; };
		85C8C6A0295FCECD00012236 /* CGImagePropertyOrientation.swift in Sources */ = {isa = PBXBuildFile; fileRef = 85C8C68F295FCECD00012236 /* CGImagePropertyOrientation.swift */; };
		85C8C6A1295FCECD00012236 /* UIImage+Extensions.swift in Sources */ = {isa = PBXBuildFile; fileRef = 85C8C690295FCECD00012236 /* UIImage+Extensions.swift */; };
		85C8C6A2295FCECD00012236 /* CoreML+Combine.swift in Sources */ = {isa = PBXBuildFile; fileRef = 85C8C691295FCECD00012236 /* CoreML+Combine.swift */; };
		85C8C6A3295FCECD00012236 /* UIImage+RawBytes.swift in Sources */ = {isa = PBXBuildFile; fileRef = 85C8C692295FCECD00012236 /* UIImage+RawBytes.swift */; };
		85C8C6A4295FCECD00012236 /* NonMaxSuppression.swift in Sources */ = {isa = PBXBuildFile; fileRef = 85C8C693295FCECD00012236 /* NonMaxSuppression.swift */; };
		85C8C6A5295FCECD00012236 /* Math.swift in Sources */ = {isa = PBXBuildFile; fileRef = 85C8C694295FCECD00012236 /* Math.swift */; };
		85C8C6A6295FCECD00012236 /* CGImage+CVPixelBuffer.swift in Sources */ = {isa = PBXBuildFile; fileRef = 85C8C695295FCECD00012236 /* CGImage+CVPixelBuffer.swift */; };
		85C8C6A7295FCECD00012236 /* CVPixelBuffer+Create.swift in Sources */ = {isa = PBXBuildFile; fileRef = 85C8C696295FCECD00012236 /* CVPixelBuffer+Create.swift */; };
		85C8C6A8295FCECD00012236 /* UIImage+CVPixelBuffer.swift in Sources */ = {isa = PBXBuildFile; fileRef = 85C8C697295FCECD00012236 /* UIImage+CVPixelBuffer.swift */; };
		85C8C6A9295FCECD00012236 /* Predictions.swift in Sources */ = {isa = PBXBuildFile; fileRef = 85C8C698295FCECD00012236 /* Predictions.swift */; };
		85C8C6AA295FCECD00012236 /* MLMultiArray+Image.swift in Sources */ = {isa = PBXBuildFile; fileRef = 85C8C699295FCECD00012236 /* MLMultiArray+Image.swift */; };
		85C8C6AB295FCECD00012236 /* CVPixelBuffer+Rotate.swift in Sources */ = {isa = PBXBuildFile; fileRef = 85C8C69A295FCECD00012236 /* CVPixelBuffer+Rotate.swift */; };
		85C8C6AC295FCECD00012236 /* MLMultiArray+Helpers.swift in Sources */ = {isa = PBXBuildFile; fileRef = 85C8C69B295FCECD00012236 /* MLMultiArray+Helpers.swift */; };
		85C8C6AE295FD38400012236 /* CIImage+Extension.swift in Sources */ = {isa = PBXBuildFile; fileRef = 85C8C6AD295FD38400012236 /* CIImage+Extension.swift */; };
		85DE2CB52947BF8300BBFCA8 /* PlayerView.storyboard in Resources */ = {isa = PBXBuildFile; fileRef = 85DE2CB42947BF8300BBFCA8 /* PlayerView.storyboard */; };
		85DE2CBB2948496700BBFCA8 /* PlayerView.swift in Sources */ = {isa = PBXBuildFile; fileRef = 85DE2CBA2948496700BBFCA8 /* PlayerView.swift */; };
		85EB33E92968E8CD00604B6C /* DepthToGrayscale.metal in Sources */ = {isa = PBXBuildFile; fileRef = 85EB33E82968E8CD00604B6C /* DepthToGrayscale.metal */; };
		85EB33EB2968E8F600604B6C /* DepthToGrayscaleConverter.swift in Sources */ = {isa = PBXBuildFile; fileRef = 85EB33EA2968E8F600604B6C /* DepthToGrayscaleConverter.swift */; };
		85EB33ED2968E92D00604B6C /* FilterRenderer.swift in Sources */ = {isa = PBXBuildFile; fileRef = 85EB33EC2968E92D00604B6C /* FilterRenderer.swift */; };
		85EB33F12968E97B00604B6C /* minMaxFromBuffer.m in Sources */ = {isa = PBXBuildFile; fileRef = 85EB33F02968E97B00604B6C /* minMaxFromBuffer.m */; };
		85EB33F32968F85C00604B6C /* AVDepthData+Utils.swift in Sources */ = {isa = PBXBuildFile; fileRef = 85EB33F22968F85C00604B6C /* AVDepthData+Utils.swift */; };
		85EB33F629690F5D00604B6C /* PointCloud.swift in Sources */ = {isa = PBXBuildFile; fileRef = 85EB33F529690F5D00604B6C /* PointCloud.swift */; };
		85EB33F829696B2A00604B6C /* CVPixelBuffer+Extension.swift in Sources */ = {isa = PBXBuildFile; fileRef = 85EB33F729696B2A00604B6C /* CVPixelBuffer+Extension.swift */; };
/* End PBXBuildFile section */

/* Begin PBXContainerItemProxy section */
		85AC1B1C293EBAEF00CA4556 /* PBXContainerItemProxy */ = {
			isa = PBXContainerItemProxy;
			containerPortal = 85AC1AFD293EBAEE00CA4556 /* Project object */;
			proxyType = 1;
			remoteGlobalIDString = 85AC1B04293EBAEE00CA4556;
			remoteInfo = vipl;
		};
		85AC1B26293EBAEF00CA4556 /* PBXContainerItemProxy */ = {
			isa = PBXContainerItemProxy;
			containerPortal = 85AC1AFD293EBAEE00CA4556 /* Project object */;
			proxyType = 1;
			remoteGlobalIDString = 85AC1B04293EBAEE00CA4556;
			remoteInfo = vipl;
		};
/* End PBXContainerItemProxy section */

/* Begin PBXCopyFilesBuildPhase section */
		851040FA295C1F9200320EC7 /* Embed Frameworks */ = {
			isa = PBXCopyFilesBuildPhase;
			buildActionMask = 2147483647;
			dstPath = "";
			dstSubfolderSpec = 10;
			files = (
			);
			name = "Embed Frameworks";
			runOnlyForDeploymentPostprocessing = 0;
		};
/* End PBXCopyFilesBuildPhase section */

/* Begin PBXFileReference section */
		851040D52951B1FE00320EC7 /* RangeSlider.swift */ = {isa = PBXFileReference; lastKnownFileType = sourcecode.swift; path = RangeSlider.swift; sourceTree = "<group>"; };
		851040D729540F8E00320EC7 /* AVPlayerController.swift */ = {isa = PBXFileReference; lastKnownFileType = sourcecode.swift; path = AVPlayerController.swift; sourceTree = "<group>"; };
		851040D92955185C00320EC7 /* CollectionView.storyboard */ = {isa = PBXFileReference; lastKnownFileType = file.storyboard; path = CollectionView.storyboard; sourceTree = "<group>"; };
		851040DB29551E1900320EC7 /* CollectionViewController.swift */ = {isa = PBXFileReference; lastKnownFileType = sourcecode.swift; path = CollectionViewController.swift; sourceTree = "<group>"; };
		851040DD295637B200320EC7 /* CaptureHelper.swift */ = {isa = PBXFileReference; lastKnownFileType = sourcecode.swift; path = CaptureHelper.swift; sourceTree = "<group>"; };
		851040E1295C15FE00320EC7 /* movenet_thunder.tflite */ = {isa = PBXFileReference; lastKnownFileType = file; path = movenet_thunder.tflite; sourceTree = "<group>"; };
		851040E2295C15FE00320EC7 /* posenet.tflite */ = {isa = PBXFileReference; lastKnownFileType = file; path = posenet.tflite; sourceTree = "<group>"; };
		851040E3295C15FE00320EC7 /* movenet_lightning.tflite */ = {isa = PBXFileReference; lastKnownFileType = file; path = movenet_lightning.tflite; sourceTree = "<group>"; };
		851040E4295C1AD900320EC7 /* OverlayView.swift */ = {isa = PBXFileReference; fileEncoding = 4; lastKnownFileType = sourcecode.swift; path = OverlayView.swift; sourceTree = "<group>"; };
		851040E6295C1B2800320EC7 /* PoseNetTF.swift */ = {isa = PBXFileReference; fileEncoding = 4; lastKnownFileType = sourcecode.swift; path = PoseNetTF.swift; sourceTree = "<group>"; };
		851040E7295C1B2800320EC7 /* PoseData.swift */ = {isa = PBXFileReference; fileEncoding = 4; lastKnownFileType = sourcecode.swift; path = PoseData.swift; sourceTree = "<group>"; };
		851040E8295C1B2800320EC7 /* MoveNet.swift */ = {isa = PBXFileReference; fileEncoding = 4; lastKnownFileType = sourcecode.swift; path = MoveNet.swift; sourceTree = "<group>"; };
		851040E9295C1B2800320EC7 /* PoseConfig.swift */ = {isa = PBXFileReference; fileEncoding = 4; lastKnownFileType = sourcecode.swift; path = PoseConfig.swift; sourceTree = "<group>"; };
		851040EA295C1B2800320EC7 /* PoseEstimator.swift */ = {isa = PBXFileReference; fileEncoding = 4; lastKnownFileType = sourcecode.swift; path = PoseEstimator.swift; sourceTree = "<group>"; };
		851040F0295C1B4200320EC7 /* CGSize+TFLite.swift */ = {isa = PBXFileReference; fileEncoding = 4; lastKnownFileType = sourcecode.swift; path = "CGSize+TFLite.swift"; sourceTree = "<group>"; };
		851040F1295C1B4200320EC7 /* Data+TFLite.swift */ = {isa = PBXFileReference; fileEncoding = 4; lastKnownFileType = sourcecode.swift; path = "Data+TFLite.swift"; sourceTree = "<group>"; };
		851040F2295C1B4200320EC7 /* CVPixelBuffer+TFLite.swift */ = {isa = PBXFileReference; fileEncoding = 4; lastKnownFileType = sourcecode.swift; path = "CVPixelBuffer+TFLite.swift"; sourceTree = "<group>"; };
		851040FB295D8E0E00320EC7 /* Poser.swift */ = {isa = PBXFileReference; lastKnownFileType = sourcecode.swift; path = Poser.swift; sourceTree = "<group>"; };
		85169D4C294AA664007C081F /* CaptureView.storyboard */ = {isa = PBXFileReference; lastKnownFileType = file.storyboard; path = CaptureView.storyboard; sourceTree = "<group>"; };
		85169D4E294AA8EB007C081F /* CapturePreviewView.swift */ = {isa = PBXFileReference; lastKnownFileType = sourcecode.swift; path = CapturePreviewView.swift; sourceTree = "<group>"; };
		85169D50294AAE71007C081F /* CaptureViewController.swift */ = {isa = PBXFileReference; lastKnownFileType = sourcecode.swift; path = CaptureViewController.swift; sourceTree = "<group>"; };
		852AA712296CAB9000107AF7 /* CMTime+Extension.swift */ = {isa = PBXFileReference; lastKnownFileType = sourcecode.swift; path = "CMTime+Extension.swift"; sourceTree = "<group>"; };
		853F4D74296A861D0093C3AF /* PointCloudPlayer.swift */ = {isa = PBXFileReference; lastKnownFileType = sourcecode.swift; path = PointCloudPlayer.swift; sourceTree = "<group>"; };
		853F4D76296A91210093C3AF /* RingBuffer.swift */ = {isa = PBXFileReference; lastKnownFileType = sourcecode.swift; path = RingBuffer.swift; sourceTree = "<group>"; };
		857D12B1296EB55B006A8BE5 /* PointCloudRecorder.h */ = {isa = PBXFileReference; fileEncoding = 4; lastKnownFileType = sourcecode.c.h; path = PointCloudRecorder.h; sourceTree = "<group>"; };
		857D12B2296EB55C006A8BE5 /* PointCloudRecorder.cpp */ = {isa = PBXFileReference; fileEncoding = 4; lastKnownFileType = sourcecode.cpp.cpp; path = PointCloudRecorder.cpp; sourceTree = "<group>"; };
		857D12B4296F353A006A8BE5 /* PointCloudRecorderObjc.h */ = {isa = PBXFileReference; lastKnownFileType = sourcecode.c.h; path = PointCloudRecorderObjc.h; sourceTree = "<group>"; };
		857D12B7296F394F006A8BE5 /* PointCloudRecorderObjc.mm */ = {isa = PBXFileReference; fileEncoding = 4; lastKnownFileType = sourcecode.cpp.objcpp; path = PointCloudRecorderObjc.mm; sourceTree = "<group>"; };
		857D12B92970FD0F006A8BE5 /* FileSystemHelper.swift */ = {isa = PBXFileReference; lastKnownFileType = sourcecode.swift; path = FileSystemHelper.swift; sourceTree = "<group>"; };
		857D12BB29738406006A8BE5 /* PlayerViewController+Gesture.swift */ = {isa = PBXFileReference; lastKnownFileType = sourcecode.swift; path = "PlayerViewController+Gesture.swift"; sourceTree = "<group>"; };
		857D12C729761687006A8BE5 /* PoseCollection.swift */ = {isa = PBXFileReference; lastKnownFileType = sourcecode.swift; path = PoseCollection.swift; sourceTree = "<group>"; };
		85A501E229627223005F2382 /* Cache.swift */ = {isa = PBXFileReference; lastKnownFileType = sourcecode.swift; path = Cache.swift; sourceTree = "<group>"; };
		85A501E42963E383005F2382 /* CaptureMovieFileOutput.swift */ = {isa = PBXFileReference; lastKnownFileType = sourcecode.swift; path = CaptureMovieFileOutput.swift; sourceTree = "<group>"; };
		85A501E6296536A0005F2382 /* AVAsset+Extension.swift */ = {isa = PBXFileReference; lastKnownFileType = sourcecode.swift; path = "AVAsset+Extension.swift"; sourceTree = "<group>"; };
		85AC1B05293EBAEE00CA4556 /* vipl.app */ = {isa = PBXFileReference; explicitFileType = wrapper.application; includeInIndex = 0; path = vipl.app; sourceTree = BUILT_PRODUCTS_DIR; };
		85AC1B08293EBAEE00CA4556 /* AppDelegate.swift */ = {isa = PBXFileReference; lastKnownFileType = sourcecode.swift; path = AppDelegate.swift; sourceTree = "<group>"; };
		85AC1B0A293EBAEE00CA4556 /* SceneDelegate.swift */ = {isa = PBXFileReference; lastKnownFileType = sourcecode.swift; path = SceneDelegate.swift; sourceTree = "<group>"; };
		85AC1B0C293EBAEE00CA4556 /* ViewController.swift */ = {isa = PBXFileReference; lastKnownFileType = sourcecode.swift; path = ViewController.swift; sourceTree = "<group>"; };
		85AC1B0F293EBAEE00CA4556 /* Base */ = {isa = PBXFileReference; lastKnownFileType = file.storyboard; name = Base; path = Base.lproj/Main.storyboard; sourceTree = "<group>"; };
		85AC1B11293EBAEF00CA4556 /* Assets.xcassets */ = {isa = PBXFileReference; lastKnownFileType = folder.assetcatalog; path = Assets.xcassets; sourceTree = "<group>"; };
		85AC1B14293EBAEF00CA4556 /* Base */ = {isa = PBXFileReference; lastKnownFileType = file.storyboard; name = Base; path = Base.lproj/LaunchScreen.storyboard; sourceTree = "<group>"; };
		85AC1B16293EBAEF00CA4556 /* Info.plist */ = {isa = PBXFileReference; lastKnownFileType = text.plist.xml; path = Info.plist; sourceTree = "<group>"; };
		85AC1B1B293EBAEF00CA4556 /* viplTests.xctest */ = {isa = PBXFileReference; explicitFileType = wrapper.cfbundle; includeInIndex = 0; path = viplTests.xctest; sourceTree = BUILT_PRODUCTS_DIR; };
		85AC1B1F293EBAEF00CA4556 /* viplTests.swift */ = {isa = PBXFileReference; lastKnownFileType = sourcecode.swift; path = viplTests.swift; sourceTree = "<group>"; };
		85AC1B25293EBAEF00CA4556 /* viplUITests.xctest */ = {isa = PBXFileReference; explicitFileType = wrapper.cfbundle; includeInIndex = 0; path = viplUITests.xctest; sourceTree = BUILT_PRODUCTS_DIR; };
		85AC1B29293EBAEF00CA4556 /* viplUITests.swift */ = {isa = PBXFileReference; lastKnownFileType = sourcecode.swift; path = viplUITests.swift; sourceTree = "<group>"; };
		85AC1B2B293EBAEF00CA4556 /* viplUITestsLaunchTests.swift */ = {isa = PBXFileReference; lastKnownFileType = sourcecode.swift; path = viplUITestsLaunchTests.swift; sourceTree = "<group>"; };
		85AC1B762947BBB900CA4556 /* PlayerViewController.swift */ = {isa = PBXFileReference; lastKnownFileType = sourcecode.swift; path = PlayerViewController.swift; sourceTree = "<group>"; };
		85C8C63B295F76F300012236 /* PoseBuilder+Multiple.swift */ = {isa = PBXFileReference; fileEncoding = 4; lastKnownFileType = sourcecode.swift; path = "PoseBuilder+Multiple.swift"; sourceTree = "<group>"; };
		85C8C63C295F76F300012236 /* PoseBuilderConfiguration.swift */ = {isa = PBXFileReference; fileEncoding = 4; lastKnownFileType = sourcecode.swift; path = PoseBuilderConfiguration.swift; sourceTree = "<group>"; };
		85C8C63D295F76F300012236 /* Pose.swift */ = {isa = PBXFileReference; fileEncoding = 4; lastKnownFileType = sourcecode.swift; path = Pose.swift; sourceTree = "<group>"; };
		85C8C63E295F76F300012236 /* PoseBuilder.swift */ = {isa = PBXFileReference; fileEncoding = 4; lastKnownFileType = sourcecode.swift; path = PoseBuilder.swift; sourceTree = "<group>"; };
		85C8C63F295F76F300012236 /* CGPoint+Extension.swift */ = {isa = PBXFileReference; fileEncoding = 4; lastKnownFileType = sourcecode.swift; path = "CGPoint+Extension.swift"; sourceTree = "<group>"; };
		85C8C640295F76F300012236 /* CGImage+Extension.swift */ = {isa = PBXFileReference; fileEncoding = 4; lastKnownFileType = sourcecode.swift; path = "CGImage+Extension.swift"; sourceTree = "<group>"; };
		85C8C641295F76F300012236 /* PoseBuilder+Single.swift */ = {isa = PBXFileReference; fileEncoding = 4; lastKnownFileType = sourcecode.swift; path = "PoseBuilder+Single.swift"; sourceTree = "<group>"; };
		85C8C642295F76F300012236 /* PoseNet.swift */ = {isa = PBXFileReference; fileEncoding = 4; lastKnownFileType = sourcecode.swift; path = PoseNet.swift; sourceTree = "<group>"; };
		85C8C643295F76F300012236 /* PoseNetInput.swift */ = {isa = PBXFileReference; fileEncoding = 4; lastKnownFileType = sourcecode.swift; path = PoseNetInput.swift; sourceTree = "<group>"; };
		85C8C644295F76F300012236 /* PoseNetOutput.swift */ = {isa = PBXFileReference; fileEncoding = 4; lastKnownFileType = sourcecode.swift; path = PoseNetOutput.swift; sourceTree = "<group>"; };
		85C8C645295F76F300012236 /* Joint.swift */ = {isa = PBXFileReference; fileEncoding = 4; lastKnownFileType = sourcecode.swift; path = Joint.swift; sourceTree = "<group>"; };
		85C8C651295F77BE00012236 /* PoseNetMobileNet100S16FP16.mlmodel */ = {isa = PBXFileReference; lastKnownFileType = file.mlmodel; path = PoseNetMobileNet100S16FP16.mlmodel; sourceTree = "<group>"; };
		85C8C653295F906400012236 /* PoseNetMobileNet075S16FP16.mlmodel */ = {isa = PBXFileReference; lastKnownFileType = file.mlmodel; path = PoseNetMobileNet075S16FP16.mlmodel; sourceTree = "<group>"; };
		85C8C656295FAD3A00012236 /* DeepLabV3.mlmodel */ = {isa = PBXFileReference; lastKnownFileType = file.mlmodel; path = DeepLabV3.mlmodel; sourceTree = "<group>"; };
		85C8C658295FAD6C00012236 /* DeepLab.swift */ = {isa = PBXFileReference; lastKnownFileType = sourcecode.swift; name = DeepLab.swift; path = vipl/DeepLab/DeepLab.swift; sourceTree = SOURCE_ROOT; };
		85C8C68B295FCECD00012236 /* CGImage+RawBytes.swift */ = {isa = PBXFileReference; fileEncoding = 4; lastKnownFileType = sourcecode.swift; name = "CGImage+RawBytes.swift"; path = "CoreMLHelpers/CoreMLHelpers/CGImage+RawBytes.swift"; sourceTree = SOURCE_ROOT; };
		85C8C68C295FCECD00012236 /* MLModel+Images.swift */ = {isa = PBXFileReference; fileEncoding = 4; lastKnownFileType = sourcecode.swift; name = "MLModel+Images.swift"; path = "CoreMLHelpers/CoreMLHelpers/MLModel+Images.swift"; sourceTree = SOURCE_ROOT; };
		85C8C68D295FCECD00012236 /* CVPixelBuffer+Resize.swift */ = {isa = PBXFileReference; fileEncoding = 4; lastKnownFileType = sourcecode.swift; name = "CVPixelBuffer+Resize.swift"; path = "CoreMLHelpers/CoreMLHelpers/CVPixelBuffer+Resize.swift"; sourceTree = SOURCE_ROOT; };
		85C8C68E295FCECD00012236 /* Array+Extensions.swift */ = {isa = PBXFileReference; fileEncoding = 4; lastKnownFileType = sourcecode.swift; name = "Array+Extensions.swift"; path = "CoreMLHelpers/CoreMLHelpers/Array+Extensions.swift"; sourceTree = SOURCE_ROOT; };
		85C8C68F295FCECD00012236 /* CGImagePropertyOrientation.swift */ = {isa = PBXFileReference; fileEncoding = 4; lastKnownFileType = sourcecode.swift; name = CGImagePropertyOrientation.swift; path = CoreMLHelpers/CoreMLHelpers/CGImagePropertyOrientation.swift; sourceTree = SOURCE_ROOT; };
		85C8C690295FCECD00012236 /* UIImage+Extensions.swift */ = {isa = PBXFileReference; fileEncoding = 4; lastKnownFileType = sourcecode.swift; name = "UIImage+Extensions.swift"; path = "CoreMLHelpers/CoreMLHelpers/UIImage+Extensions.swift"; sourceTree = SOURCE_ROOT; };
		85C8C691295FCECD00012236 /* CoreML+Combine.swift */ = {isa = PBXFileReference; fileEncoding = 4; lastKnownFileType = sourcecode.swift; name = "CoreML+Combine.swift"; path = "CoreMLHelpers/CoreMLHelpers/CoreML+Combine.swift"; sourceTree = SOURCE_ROOT; };
		85C8C692295FCECD00012236 /* UIImage+RawBytes.swift */ = {isa = PBXFileReference; fileEncoding = 4; lastKnownFileType = sourcecode.swift; name = "UIImage+RawBytes.swift"; path = "CoreMLHelpers/CoreMLHelpers/UIImage+RawBytes.swift"; sourceTree = SOURCE_ROOT; };
		85C8C693295FCECD00012236 /* NonMaxSuppression.swift */ = {isa = PBXFileReference; fileEncoding = 4; lastKnownFileType = sourcecode.swift; name = NonMaxSuppression.swift; path = CoreMLHelpers/CoreMLHelpers/NonMaxSuppression.swift; sourceTree = SOURCE_ROOT; };
		85C8C694295FCECD00012236 /* Math.swift */ = {isa = PBXFileReference; fileEncoding = 4; lastKnownFileType = sourcecode.swift; name = Math.swift; path = CoreMLHelpers/CoreMLHelpers/Math.swift; sourceTree = SOURCE_ROOT; };
		85C8C695295FCECD00012236 /* CGImage+CVPixelBuffer.swift */ = {isa = PBXFileReference; fileEncoding = 4; lastKnownFileType = sourcecode.swift; name = "CGImage+CVPixelBuffer.swift"; path = "CoreMLHelpers/CoreMLHelpers/CGImage+CVPixelBuffer.swift"; sourceTree = SOURCE_ROOT; };
		85C8C696295FCECD00012236 /* CVPixelBuffer+Create.swift */ = {isa = PBXFileReference; fileEncoding = 4; lastKnownFileType = sourcecode.swift; name = "CVPixelBuffer+Create.swift"; path = "CoreMLHelpers/CoreMLHelpers/CVPixelBuffer+Create.swift"; sourceTree = SOURCE_ROOT; };
		85C8C697295FCECD00012236 /* UIImage+CVPixelBuffer.swift */ = {isa = PBXFileReference; fileEncoding = 4; lastKnownFileType = sourcecode.swift; name = "UIImage+CVPixelBuffer.swift"; path = "CoreMLHelpers/CoreMLHelpers/UIImage+CVPixelBuffer.swift"; sourceTree = SOURCE_ROOT; };
		85C8C698295FCECD00012236 /* Predictions.swift */ = {isa = PBXFileReference; fileEncoding = 4; lastKnownFileType = sourcecode.swift; name = Predictions.swift; path = CoreMLHelpers/CoreMLHelpers/Predictions.swift; sourceTree = SOURCE_ROOT; };
		85C8C699295FCECD00012236 /* MLMultiArray+Image.swift */ = {isa = PBXFileReference; fileEncoding = 4; lastKnownFileType = sourcecode.swift; name = "MLMultiArray+Image.swift"; path = "CoreMLHelpers/CoreMLHelpers/MLMultiArray+Image.swift"; sourceTree = SOURCE_ROOT; };
		85C8C69A295FCECD00012236 /* CVPixelBuffer+Rotate.swift */ = {isa = PBXFileReference; fileEncoding = 4; lastKnownFileType = sourcecode.swift; name = "CVPixelBuffer+Rotate.swift"; path = "CoreMLHelpers/CoreMLHelpers/CVPixelBuffer+Rotate.swift"; sourceTree = SOURCE_ROOT; };
		85C8C69B295FCECD00012236 /* MLMultiArray+Helpers.swift */ = {isa = PBXFileReference; fileEncoding = 4; lastKnownFileType = sourcecode.swift; name = "MLMultiArray+Helpers.swift"; path = "CoreMLHelpers/CoreMLHelpers/MLMultiArray+Helpers.swift"; sourceTree = SOURCE_ROOT; };
		85C8C6AD295FD38400012236 /* CIImage+Extension.swift */ = {isa = PBXFileReference; lastKnownFileType = sourcecode.swift; path = "CIImage+Extension.swift"; sourceTree = "<group>"; };
		85DE2CB42947BF8300BBFCA8 /* PlayerView.storyboard */ = {isa = PBXFileReference; lastKnownFileType = file.storyboard; path = PlayerView.storyboard; sourceTree = "<group>"; };
		85DE2CBA2948496700BBFCA8 /* PlayerView.swift */ = {isa = PBXFileReference; lastKnownFileType = sourcecode.swift; path = PlayerView.swift; sourceTree = "<group>"; };
		85EB33E82968E8CD00604B6C /* DepthToGrayscale.metal */ = {isa = PBXFileReference; fileEncoding = 4; lastKnownFileType = sourcecode.metal; path = DepthToGrayscale.metal; sourceTree = "<group>"; };
		85EB33EA2968E8F600604B6C /* DepthToGrayscaleConverter.swift */ = {isa = PBXFileReference; fileEncoding = 4; lastKnownFileType = sourcecode.swift; path = DepthToGrayscaleConverter.swift; sourceTree = "<group>"; };
		85EB33EC2968E92D00604B6C /* FilterRenderer.swift */ = {isa = PBXFileReference; fileEncoding = 4; lastKnownFileType = sourcecode.swift; path = FilterRenderer.swift; sourceTree = "<group>"; };
		85EB33EE2968E97A00604B6C /* vipl-Bridging-Header.h */ = {isa = PBXFileReference; lastKnownFileType = sourcecode.c.h; path = "vipl-Bridging-Header.h"; sourceTree = "<group>"; };
		85EB33EF2968E97B00604B6C /* minMaxFromBuffer.h */ = {isa = PBXFileReference; fileEncoding = 4; lastKnownFileType = sourcecode.c.h; path = minMaxFromBuffer.h; sourceTree = "<group>"; };
		85EB33F02968E97B00604B6C /* minMaxFromBuffer.m */ = {isa = PBXFileReference; fileEncoding = 4; lastKnownFileType = sourcecode.c.objc; path = minMaxFromBuffer.m; sourceTree = "<group>"; };
		85EB33F22968F85C00604B6C /* AVDepthData+Utils.swift */ = {isa = PBXFileReference; fileEncoding = 4; lastKnownFileType = sourcecode.swift; path = "AVDepthData+Utils.swift"; sourceTree = "<group>"; };
		85EB33F529690F5D00604B6C /* PointCloud.swift */ = {isa = PBXFileReference; lastKnownFileType = sourcecode.swift; path = PointCloud.swift; sourceTree = "<group>"; };
		85EB33F729696B2A00604B6C /* CVPixelBuffer+Extension.swift */ = {isa = PBXFileReference; lastKnownFileType = sourcecode.swift; path = "CVPixelBuffer+Extension.swift"; sourceTree = "<group>"; };
		B3E4F6BF0B19270CB2690F38 /* Pods-vipl.debug.xcconfig */ = {isa = PBXFileReference; includeInIndex = 1; lastKnownFileType = text.xcconfig; name = "Pods-vipl.debug.xcconfig"; path = "Target Support Files/Pods-vipl/Pods-vipl.debug.xcconfig"; sourceTree = "<group>"; };
		E8397AA763B148BFCC732764 /* Pods-vipl.release.xcconfig */ = {isa = PBXFileReference; includeInIndex = 1; lastKnownFileType = text.xcconfig; name = "Pods-vipl.release.xcconfig"; path = "Target Support Files/Pods-vipl/Pods-vipl.release.xcconfig"; sourceTree = "<group>"; };
		F716EB324AD3784008B18843 /* Pods_vipl.framework */ = {isa = PBXFileReference; explicitFileType = wrapper.framework; includeInIndex = 0; path = Pods_vipl.framework; sourceTree = BUILT_PRODUCTS_DIR; };
/* End PBXFileReference section */

/* Begin PBXFrameworksBuildPhase section */
		85AC1B02293EBAEE00CA4556 /* Frameworks */ = {
			isa = PBXFrameworksBuildPhase;
			buildActionMask = 2147483647;
			files = (
				0DEBE640238D3287FD53FFB8 /* Pods_vipl.framework in Frameworks */,
			);
			runOnlyForDeploymentPostprocessing = 0;
		};
		85AC1B18293EBAEF00CA4556 /* Frameworks */ = {
			isa = PBXFrameworksBuildPhase;
			buildActionMask = 2147483647;
			files = (
			);
			runOnlyForDeploymentPostprocessing = 0;
		};
		85AC1B22293EBAEF00CA4556 /* Frameworks */ = {
			isa = PBXFrameworksBuildPhase;
			buildActionMask = 2147483647;
			files = (
			);
			runOnlyForDeploymentPostprocessing = 0;
		};
/* End PBXFrameworksBuildPhase section */

/* Begin PBXGroup section */
		851040DF295C0C1400320EC7 /* Poser */ = {
			isa = PBXGroup;
			children = (
				851040FB295D8E0E00320EC7 /* Poser.swift */,
				851040E4295C1AD900320EC7 /* OverlayView.swift */,
				851040F0295C1B4200320EC7 /* CGSize+TFLite.swift */,
				851040F2295C1B4200320EC7 /* CVPixelBuffer+TFLite.swift */,
				851040F1295C1B4200320EC7 /* Data+TFLite.swift */,
				857D12C729761687006A8BE5 /* PoseCollection.swift */,
				851040E0295C0C2D00320EC7 /* Models */,
			);
			path = Poser;
			sourceTree = "<group>";
		};
		851040E0295C0C2D00320EC7 /* Models */ = {
			isa = PBXGroup;
			children = (
				851040E8295C1B2800320EC7 /* MoveNet.swift */,
				851040E9295C1B2800320EC7 /* PoseConfig.swift */,
				851040E7295C1B2800320EC7 /* PoseData.swift */,
				851040EA295C1B2800320EC7 /* PoseEstimator.swift */,
				851040E6295C1B2800320EC7 /* PoseNetTF.swift */,
				851040E3295C15FE00320EC7 /* movenet_lightning.tflite */,
				851040E1295C15FE00320EC7 /* movenet_thunder.tflite */,
				851040E2295C15FE00320EC7 /* posenet.tflite */,
			);
			path = Models;
			sourceTree = "<group>";
		};
		851040F6295C1F9200320EC7 /* Frameworks */ = {
			isa = PBXGroup;
			children = (
				F716EB324AD3784008B18843 /* Pods_vipl.framework */,
			);
			name = Frameworks;
			sourceTree = "<group>";
		};
		85104100295F5F3A00320EC7 /* PoseNet */ = {
			isa = PBXGroup;
			children = (
				85C8C653295F906400012236 /* PoseNetMobileNet075S16FP16.mlmodel */,
				85C8C651295F77BE00012236 /* PoseNetMobileNet100S16FP16.mlmodel */,
				85C8C640295F76F300012236 /* CGImage+Extension.swift */,
				85C8C63F295F76F300012236 /* CGPoint+Extension.swift */,
				85C8C645295F76F300012236 /* Joint.swift */,
				85C8C63D295F76F300012236 /* Pose.swift */,
				85C8C63E295F76F300012236 /* PoseBuilder.swift */,
				85C8C63B295F76F300012236 /* PoseBuilder+Multiple.swift */,
				85C8C641295F76F300012236 /* PoseBuilder+Single.swift */,
				85C8C63C295F76F300012236 /* PoseBuilderConfiguration.swift */,
				85C8C642295F76F300012236 /* PoseNet.swift */,
				85C8C643295F76F300012236 /* PoseNetInput.swift */,
				85C8C644295F76F300012236 /* PoseNetOutput.swift */,
			);
			path = PoseNet;
			sourceTree = "<group>";
		};
		85A501E12962720D005F2382 /* Utils */ = {
			isa = PBXGroup;
			children = (
				85EB33EC2968E92D00604B6C /* FilterRenderer.swift */,
				85EB33EA2968E8F600604B6C /* DepthToGrayscaleConverter.swift */,
				85A501E229627223005F2382 /* Cache.swift */,
				85A501E6296536A0005F2382 /* AVAsset+Extension.swift */,
				85EB33F22968F85C00604B6C /* AVDepthData+Utils.swift */,
				85EB33F729696B2A00604B6C /* CVPixelBuffer+Extension.swift */,
				85EB33EF2968E97B00604B6C /* minMaxFromBuffer.h */,
				85EB33F02968E97B00604B6C /* minMaxFromBuffer.m */,
				85EB33EE2968E97A00604B6C /* vipl-Bridging-Header.h */,
				853F4D76296A91210093C3AF /* RingBuffer.swift */,
				852AA712296CAB9000107AF7 /* CMTime+Extension.swift */,
				857D12B92970FD0F006A8BE5 /* FileSystemHelper.swift */,
			);
			path = Utils;
			sourceTree = "<group>";
		};
		85AC1AFC293EBAEE00CA4556 = {
			isa = PBXGroup;
			children = (
				85AC1B07293EBAEE00CA4556 /* vipl */,
				85AC1B1E293EBAEF00CA4556 /* viplTests */,
				85AC1B28293EBAEF00CA4556 /* viplUITests */,
				85AC1B06293EBAEE00CA4556 /* Products */,
				851040F6295C1F9200320EC7 /* Frameworks */,
				90261234AD25A732971EC154 /* Pods */,
			);
			sourceTree = "<group>";
		};
		85AC1B06293EBAEE00CA4556 /* Products */ = {
			isa = PBXGroup;
			children = (
				85AC1B05293EBAEE00CA4556 /* vipl.app */,
				85AC1B1B293EBAEF00CA4556 /* viplTests.xctest */,
				85AC1B25293EBAEF00CA4556 /* viplUITests.xctest */,
			);
			name = Products;
			sourceTree = "<group>";
		};
		85AC1B07293EBAEE00CA4556 /* vipl */ = {
			isa = PBXGroup;
			children = (
				85AC1B7A2947BECA00CA4556 /* Views */,
				85AC1B08293EBAEE00CA4556 /* AppDelegate.swift */,
				85AC1B0A293EBAEE00CA4556 /* SceneDelegate.swift */,
				851040DB29551E1900320EC7 /* CollectionViewController.swift */,
				85AC1B0C293EBAEE00CA4556 /* ViewController.swift */,
				85DE2CBA2948496700BBFCA8 /* PlayerView.swift */,
				85AC1B762947BBB900CA4556 /* PlayerViewController.swift */,
				85169D4E294AA8EB007C081F /* CapturePreviewView.swift */,
				85169D50294AAE71007C081F /* CaptureViewController.swift */,
				85A501E42963E383005F2382 /* CaptureMovieFileOutput.swift */,
				851040DD295637B200320EC7 /* CaptureHelper.swift */,
				851040D729540F8E00320EC7 /* AVPlayerController.swift */,
				851040D52951B1FE00320EC7 /* RangeSlider.swift */,
				85AC1B11293EBAEF00CA4556 /* Assets.xcassets */,
				85AC1B16293EBAEF00CA4556 /* Info.plist */,
				85C8C68A295FCEAA00012236 /* CoreMLHelpers */,
				85C8C655295FACF700012236 /* DeepLab */,
				85EB33F429690F4C00604B6C /* PointCloud */,
				851040DF295C0C1400320EC7 /* Poser */,
				85104100295F5F3A00320EC7 /* PoseNet */,
				85EB33E72968E88100604B6C /* Shaders */,
				85A501E12962720D005F2382 /* Utils */,
				857D12BB29738406006A8BE5 /* PlayerViewController+Gesture.swift */,
			);
			path = vipl;
			sourceTree = "<group>";
		};
		85AC1B1E293EBAEF00CA4556 /* viplTests */ = {
			isa = PBXGroup;
			children = (
				85AC1B1F293EBAEF00CA4556 /* viplTests.swift */,
			);
			path = viplTests;
			sourceTree = "<group>";
		};
		85AC1B28293EBAEF00CA4556 /* viplUITests */ = {
			isa = PBXGroup;
			children = (
				85AC1B29293EBAEF00CA4556 /* viplUITests.swift */,
				85AC1B2B293EBAEF00CA4556 /* viplUITestsLaunchTests.swift */,
			);
			path = viplUITests;
			sourceTree = "<group>";
		};
		85AC1B7A2947BECA00CA4556 /* Views */ = {
			isa = PBXGroup;
			children = (
				85AC1B0E293EBAEE00CA4556 /* Main.storyboard */,
				85AC1B13293EBAEF00CA4556 /* LaunchScreen.storyboard */,
				85DE2CB42947BF8300BBFCA8 /* PlayerView.storyboard */,
				85169D4C294AA664007C081F /* CaptureView.storyboard */,
				851040D92955185C00320EC7 /* CollectionView.storyboard */,
			);
			path = Views;
			sourceTree = "<group>";
		};
		85C8C655295FACF700012236 /* DeepLab */ = {
			isa = PBXGroup;
			children = (
				85C8C656295FAD3A00012236 /* DeepLabV3.mlmodel */,
				85C8C658295FAD6C00012236 /* DeepLab.swift */,
				85C8C6AD295FD38400012236 /* CIImage+Extension.swift */,
			);
			path = DeepLab;
			sourceTree = "<group>";
		};
		85C8C68A295FCEAA00012236 /* CoreMLHelpers */ = {
			isa = PBXGroup;
			children = (
				85C8C68E295FCECD00012236 /* Array+Extensions.swift */,
				85C8C695295FCECD00012236 /* CGImage+CVPixelBuffer.swift */,
				85C8C68B295FCECD00012236 /* CGImage+RawBytes.swift */,
				85C8C68F295FCECD00012236 /* CGImagePropertyOrientation.swift */,
				85C8C691295FCECD00012236 /* CoreML+Combine.swift */,
				85C8C696295FCECD00012236 /* CVPixelBuffer+Create.swift */,
				85C8C68D295FCECD00012236 /* CVPixelBuffer+Resize.swift */,
				85C8C69A295FCECD00012236 /* CVPixelBuffer+Rotate.swift */,
				85C8C694295FCECD00012236 /* Math.swift */,
				85C8C68C295FCECD00012236 /* MLModel+Images.swift */,
				85C8C69B295FCECD00012236 /* MLMultiArray+Helpers.swift */,
				85C8C699295FCECD00012236 /* MLMultiArray+Image.swift */,
				85C8C693295FCECD00012236 /* NonMaxSuppression.swift */,
				85C8C698295FCECD00012236 /* Predictions.swift */,
				85C8C697295FCECD00012236 /* UIImage+CVPixelBuffer.swift */,
				85C8C690295FCECD00012236 /* UIImage+Extensions.swift */,
				85C8C692295FCECD00012236 /* UIImage+RawBytes.swift */,
			);
			path = CoreMLHelpers;
			sourceTree = "<group>";
		};
		85EB33E72968E88100604B6C /* Shaders */ = {
			isa = PBXGroup;
			children = (
				85EB33E82968E8CD00604B6C /* DepthToGrayscale.metal */,
			);
			path = Shaders;
			sourceTree = "<group>";
		};
		85EB33F429690F4C00604B6C /* PointCloud */ = {
			isa = PBXGroup;
			children = (
				857D12B1296EB55B006A8BE5 /* PointCloudRecorder.h */,
				857D12B2296EB55C006A8BE5 /* PointCloudRecorder.cpp */,
				857D12B4296F353A006A8BE5 /* PointCloudRecorderObjc.h */,
				857D12B7296F394F006A8BE5 /* PointCloudRecorderObjc.mm */,
				85EB33F529690F5D00604B6C /* PointCloud.swift */,
				853F4D74296A861D0093C3AF /* PointCloudPlayer.swift */,
			);
			path = PointCloud;
			sourceTree = "<group>";
		};
		90261234AD25A732971EC154 /* Pods */ = {
			isa = PBXGroup;
			children = (
				B3E4F6BF0B19270CB2690F38 /* Pods-vipl.debug.xcconfig */,
				E8397AA763B148BFCC732764 /* Pods-vipl.release.xcconfig */,
			);
			path = Pods;
			sourceTree = "<group>";
		};
/* End PBXGroup section */

/* Begin PBXNativeTarget section */
		85AC1B04293EBAEE00CA4556 /* vipl */ = {
			isa = PBXNativeTarget;
			buildConfigurationList = 85AC1B2F293EBAEF00CA4556 /* Build configuration list for PBXNativeTarget "vipl" */;
			buildPhases = (
				A24DA3C53611BC28648CF7E3 /* [CP] Check Pods Manifest.lock */,
				85AC1B01293EBAEE00CA4556 /* Sources */,
				85AC1B02293EBAEE00CA4556 /* Frameworks */,
				85AC1B03293EBAEE00CA4556 /* Resources */,
				851040FA295C1F9200320EC7 /* Embed Frameworks */,
			);
			buildRules = (
			);
			dependencies = (
			);
			name = vipl;
			productName = vipl;
			productReference = 85AC1B05293EBAEE00CA4556 /* vipl.app */;
			productType = "com.apple.product-type.application";
		};
		85AC1B1A293EBAEF00CA4556 /* viplTests */ = {
			isa = PBXNativeTarget;
			buildConfigurationList = 85AC1B32293EBAEF00CA4556 /* Build configuration list for PBXNativeTarget "viplTests" */;
			buildPhases = (
				85AC1B17293EBAEF00CA4556 /* Sources */,
				85AC1B18293EBAEF00CA4556 /* Frameworks */,
				85AC1B19293EBAEF00CA4556 /* Resources */,
			);
			buildRules = (
			);
			dependencies = (
				85AC1B1D293EBAEF00CA4556 /* PBXTargetDependency */,
			);
			name = viplTests;
			productName = viplTests;
			productReference = 85AC1B1B293EBAEF00CA4556 /* viplTests.xctest */;
			productType = "com.apple.product-type.bundle.unit-test";
		};
		85AC1B24293EBAEF00CA4556 /* viplUITests */ = {
			isa = PBXNativeTarget;
			buildConfigurationList = 85AC1B35293EBAEF00CA4556 /* Build configuration list for PBXNativeTarget "viplUITests" */;
			buildPhases = (
				85AC1B21293EBAEF00CA4556 /* Sources */,
				85AC1B22293EBAEF00CA4556 /* Frameworks */,
				85AC1B23293EBAEF00CA4556 /* Resources */,
			);
			buildRules = (
			);
			dependencies = (
				85AC1B27293EBAEF00CA4556 /* PBXTargetDependency */,
			);
			name = viplUITests;
			productName = viplUITests;
			productReference = 85AC1B25293EBAEF00CA4556 /* viplUITests.xctest */;
			productType = "com.apple.product-type.bundle.ui-testing";
		};
/* End PBXNativeTarget section */

/* Begin PBXProject section */
		85AC1AFD293EBAEE00CA4556 /* Project object */ = {
			isa = PBXProject;
			attributes = {
				BuildIndependentTargetsInParallel = 1;
				LastSwiftUpdateCheck = 1410;
				LastUpgradeCheck = 1410;
				TargetAttributes = {
					85AC1B04293EBAEE00CA4556 = {
						CreatedOnToolsVersion = 14.1;
						LastSwiftMigration = 1420;
					};
					85AC1B1A293EBAEF00CA4556 = {
						CreatedOnToolsVersion = 14.1;
						TestTargetID = 85AC1B04293EBAEE00CA4556;
					};
					85AC1B24293EBAEF00CA4556 = {
						CreatedOnToolsVersion = 14.1;
						TestTargetID = 85AC1B04293EBAEE00CA4556;
					};
				};
			};
			buildConfigurationList = 85AC1B00293EBAEE00CA4556 /* Build configuration list for PBXProject "vipl" */;
			compatibilityVersion = "Xcode 14.0";
			developmentRegion = en;
			hasScannedForEncodings = 0;
			knownRegions = (
				en,
				Base,
			);
			mainGroup = 85AC1AFC293EBAEE00CA4556;
			productRefGroup = 85AC1B06293EBAEE00CA4556 /* Products */;
			projectDirPath = "";
			projectRoot = "";
			targets = (
				85AC1B04293EBAEE00CA4556 /* vipl */,
				85AC1B1A293EBAEF00CA4556 /* viplTests */,
				85AC1B24293EBAEF00CA4556 /* viplUITests */,
			);
		};
/* End PBXProject section */

/* Begin PBXResourcesBuildPhase section */
		85AC1B03293EBAEE00CA4556 /* Resources */ = {
			isa = PBXResourcesBuildPhase;
			buildActionMask = 2147483647;
			files = (
				851040FD295E134000320EC7 /* movenet_lightning.tflite in Resources */,
				851040FE295E134000320EC7 /* movenet_thunder.tflite in Resources */,
				851040FF295E134000320EC7 /* posenet.tflite in Resources */,
				85DE2CB52947BF8300BBFCA8 /* PlayerView.storyboard in Resources */,
				85169D4D294AA664007C081F /* CaptureView.storyboard in Resources */,
				85AC1B15293EBAEF00CA4556 /* LaunchScreen.storyboard in Resources */,
				851040DA2955185C00320EC7 /* CollectionView.storyboard in Resources */,
				85AC1B12293EBAEF00CA4556 /* Assets.xcassets in Resources */,
				85AC1B10293EBAEE00CA4556 /* Main.storyboard in Resources */,
			);
			runOnlyForDeploymentPostprocessing = 0;
		};
		85AC1B19293EBAEF00CA4556 /* Resources */ = {
			isa = PBXResourcesBuildPhase;
			buildActionMask = 2147483647;
			files = (
			);
			runOnlyForDeploymentPostprocessing = 0;
		};
		85AC1B23293EBAEF00CA4556 /* Resources */ = {
			isa = PBXResourcesBuildPhase;
			buildActionMask = 2147483647;
			files = (
			);
			runOnlyForDeploymentPostprocessing = 0;
		};
/* End PBXResourcesBuildPhase section */

/* Begin PBXShellScriptBuildPhase section */
		A24DA3C53611BC28648CF7E3 /* [CP] Check Pods Manifest.lock */ = {
			isa = PBXShellScriptBuildPhase;
			buildActionMask = 2147483647;
			files = (
			);
			inputFileListPaths = (
			);
			inputPaths = (
				"${PODS_PODFILE_DIR_PATH}/Podfile.lock",
				"${PODS_ROOT}/Manifest.lock",
			);
			name = "[CP] Check Pods Manifest.lock";
			outputFileListPaths = (
			);
			outputPaths = (
				"$(DERIVED_FILE_DIR)/Pods-vipl-checkManifestLockResult.txt",
			);
			runOnlyForDeploymentPostprocessing = 0;
			shellPath = /bin/sh;
			shellScript = "diff \"${PODS_PODFILE_DIR_PATH}/Podfile.lock\" \"${PODS_ROOT}/Manifest.lock\" > /dev/null\nif [ $? != 0 ] ; then\n    # print error to STDERR\n    echo \"error: The sandbox is not in sync with the Podfile.lock. Run 'pod install' or update your CocoaPods installation.\" >&2\n    exit 1\nfi\n# This output is used by Xcode 'outputs' to avoid re-running this script phase.\necho \"SUCCESS\" > \"${SCRIPT_OUTPUT_FILE_0}\"\n";
			showEnvVarsInLog = 0;
		};
/* End PBXShellScriptBuildPhase section */

/* Begin PBXSourcesBuildPhase section */
		85AC1B01293EBAEE00CA4556 /* Sources */ = {
			isa = PBXSourcesBuildPhase;
			buildActionMask = 2147483647;
			files = (
				857D12BA2970FD0F006A8BE5 /* FileSystemHelper.swift in Sources */,
				85C8C646295F76F300012236 /* PoseBuilder+Multiple.swift in Sources */,
				853F4D75296A861D0093C3AF /* PointCloudPlayer.swift in Sources */,
				85169D4F294AA8EB007C081F /* CapturePreviewView.swift in Sources */,
				85C8C649295F76F300012236 /* PoseBuilder.swift in Sources */,
				85C8C6A1295FCECD00012236 /* UIImage+Extensions.swift in Sources */,
				85AC1B0D293EBAEE00CA4556 /* ViewController.swift in Sources */,
				857D12B3296EB55C006A8BE5 /* PointCloudRecorder.cpp in Sources */,
				851040D829540F8E00320EC7 /* AVPlayerController.swift in Sources */,
				85C8C64B295F76F300012236 /* CGImage+Extension.swift in Sources */,
				85C8C6A5295FCECD00012236 /* Math.swift in Sources */,
				85EB33ED2968E92D00604B6C /* FilterRenderer.swift in Sources */,
				852AA713296CAB9000107AF7 /* CMTime+Extension.swift in Sources */,
				85C8C6AA295FCECD00012236 /* MLMultiArray+Image.swift in Sources */,
				85169D51294AAE71007C081F /* CaptureViewController.swift in Sources */,
				85C8C6A7295FCECD00012236 /* CVPixelBuffer+Create.swift in Sources */,
				851040DC29551E1900320EC7 /* CollectionViewController.swift in Sources */,
				85C8C6A8295FCECD00012236 /* UIImage+CVPixelBuffer.swift in Sources */,
				85EB33F32968F85C00604B6C /* AVDepthData+Utils.swift in Sources */,
				857D12B8296F394F006A8BE5 /* PointCloudRecorderObjc.mm in Sources */,
				851040F5295C1B4200320EC7 /* CVPixelBuffer+TFLite.swift in Sources */,
				85C8C69C295FCECD00012236 /* CGImage+RawBytes.swift in Sources */,
				851040ED295C1B2800320EC7 /* MoveNet.swift in Sources */,
				85C8C6AB295FCECD00012236 /* CVPixelBuffer+Rotate.swift in Sources */,
				85C8C69F295FCECD00012236 /* Array+Extensions.swift in Sources */,
				85C8C654295F906400012236 /* PoseNetMobileNet075S16FP16.mlmodel in Sources */,
				85EB33F829696B2A00604B6C /* CVPixelBuffer+Extension.swift in Sources */,
				85C8C650295F76F300012236 /* Joint.swift in Sources */,
				85C8C64C295F76F300012236 /* PoseBuilder+Single.swift in Sources */,
				85C8C6A2295FCECD00012236 /* CoreML+Combine.swift in Sources */,
				85C8C69D295FCECD00012236 /* MLModel+Images.swift in Sources */,
				851040DE295637B200320EC7 /* CaptureHelper.swift in Sources */,
				85AC1B772947BBB900CA4556 /* PlayerViewController.swift in Sources */,
				85EB33F12968E97B00604B6C /* minMaxFromBuffer.m in Sources */,
				851040F3295C1B4200320EC7 /* CGSize+TFLite.swift in Sources */,
				857D12BC29738406006A8BE5 /* PlayerViewController+Gesture.swift in Sources */,
				85EB33E92968E8CD00604B6C /* DepthToGrayscale.metal in Sources */,
				851040EE295C1B2800320EC7 /* PoseConfig.swift in Sources */,
				85C8C6AE295FD38400012236 /* CIImage+Extension.swift in Sources */,
				85A501E52963E383005F2382 /* CaptureMovieFileOutput.swift in Sources */,
				85A501E7296536A0005F2382 /* AVAsset+Extension.swift in Sources */,
				85C8C648295F76F300012236 /* Pose.swift in Sources */,
				851040EF295C1B2800320EC7 /* PoseEstimator.swift in Sources */,
				851040D62951B1FE00320EC7 /* RangeSlider.swift in Sources */,
				85A501E329627223005F2382 /* Cache.swift in Sources */,
				851040EC295C1B2800320EC7 /* PoseData.swift in Sources */,
				85C8C6A3295FCECD00012236 /* UIImage+RawBytes.swift in Sources */,
				85EB33F629690F5D00604B6C /* PointCloud.swift in Sources */,
				85C8C659295FAD6C00012236 /* DeepLab.swift in Sources */,
				85DE2CBB2948496700BBFCA8 /* PlayerView.swift in Sources */,
				85EB33EB2968E8F600604B6C /* DepthToGrayscaleConverter.swift in Sources */,
				851040EB295C1B2800320EC7 /* PoseNetTF.swift in Sources */,
				85C8C6A0295FCECD00012236 /* CGImagePropertyOrientation.swift in Sources */,
				85C8C69E295FCECD00012236 /* CVPixelBuffer+Resize.swift in Sources */,
				85C8C64D295F76F300012236 /* PoseNet.swift in Sources */,
				851040E5295C1AD900320EC7 /* OverlayView.swift in Sources */,
				85AC1B09293EBAEE00CA4556 /* AppDelegate.swift in Sources */,
				85C8C652295F77BE00012236 /* PoseNetMobileNet100S16FP16.mlmodel in Sources */,
				85C8C6A6295FCECD00012236 /* CGImage+CVPixelBuffer.swift in Sources */,
				85C8C6A9295FCECD00012236 /* Predictions.swift in Sources */,
				85C8C64F295F76F300012236 /* PoseNetOutput.swift in Sources */,
				85C8C657295FAD3A00012236 /* DeepLabV3.mlmodel in Sources */,
				851040FC295D8E0E00320EC7 /* Poser.swift in Sources */,
				85C8C64A295F76F300012236 /* CGPoint+Extension.swift in Sources */,
				853F4D77296A91210093C3AF /* RingBuffer.swift in Sources */,
				85C8C647295F76F300012236 /* PoseBuilderConfiguration.swift in Sources */,
				857D12C829761687006A8BE5 /* PoseCollection.swift in Sources */,
				85C8C64E295F76F300012236 /* PoseNetInput.swift in Sources */,
				851040F4295C1B4200320EC7 /* Data+TFLite.swift in Sources */,
				85C8C6A4295FCECD00012236 /* NonMaxSuppression.swift in Sources */,
				85C8C6AC295FCECD00012236 /* MLMultiArray+Helpers.swift in Sources */,
				85AC1B0B293EBAEE00CA4556 /* SceneDelegate.swift in Sources */,
			);
			runOnlyForDeploymentPostprocessing = 0;
		};
		85AC1B17293EBAEF00CA4556 /* Sources */ = {
			isa = PBXSourcesBuildPhase;
			buildActionMask = 2147483647;
			files = (
				85AC1B20293EBAEF00CA4556 /* viplTests.swift in Sources */,
			);
			runOnlyForDeploymentPostprocessing = 0;
		};
		85AC1B21293EBAEF00CA4556 /* Sources */ = {
			isa = PBXSourcesBuildPhase;
			buildActionMask = 2147483647;
			files = (
				85AC1B2A293EBAEF00CA4556 /* viplUITests.swift in Sources */,
				85AC1B2C293EBAEF00CA4556 /* viplUITestsLaunchTests.swift in Sources */,
			);
			runOnlyForDeploymentPostprocessing = 0;
		};
/* End PBXSourcesBuildPhase section */

/* Begin PBXTargetDependency section */
		85AC1B1D293EBAEF00CA4556 /* PBXTargetDependency */ = {
			isa = PBXTargetDependency;
			target = 85AC1B04293EBAEE00CA4556 /* vipl */;
			targetProxy = 85AC1B1C293EBAEF00CA4556 /* PBXContainerItemProxy */;
		};
		85AC1B27293EBAEF00CA4556 /* PBXTargetDependency */ = {
			isa = PBXTargetDependency;
			target = 85AC1B04293EBAEE00CA4556 /* vipl */;
			targetProxy = 85AC1B26293EBAEF00CA4556 /* PBXContainerItemProxy */;
		};
/* End PBXTargetDependency section */

/* Begin PBXVariantGroup section */
		85AC1B0E293EBAEE00CA4556 /* Main.storyboard */ = {
			isa = PBXVariantGroup;
			children = (
				85AC1B0F293EBAEE00CA4556 /* Base */,
			);
			name = Main.storyboard;
			sourceTree = "<group>";
		};
		85AC1B13293EBAEF00CA4556 /* LaunchScreen.storyboard */ = {
			isa = PBXVariantGroup;
			children = (
				85AC1B14293EBAEF00CA4556 /* Base */,
			);
			name = LaunchScreen.storyboard;
			sourceTree = "<group>";
		};
/* End PBXVariantGroup section */

/* Begin XCBuildConfiguration section */
		85AC1B2D293EBAEF00CA4556 /* Debug */ = {
			isa = XCBuildConfiguration;
			buildSettings = {
				ALWAYS_SEARCH_USER_PATHS = NO;
				CLANG_ANALYZER_NONNULL = YES;
				CLANG_ANALYZER_NUMBER_OBJECT_CONVERSION = YES_AGGRESSIVE;
				CLANG_CXX_LANGUAGE_STANDARD = "gnu++20";
				CLANG_ENABLE_MODULES = YES;
				CLANG_ENABLE_OBJC_ARC = YES;
				CLANG_ENABLE_OBJC_WEAK = YES;
				CLANG_WARN_BLOCK_CAPTURE_AUTORELEASING = YES;
				CLANG_WARN_BOOL_CONVERSION = YES;
				CLANG_WARN_COMMA = YES;
				CLANG_WARN_CONSTANT_CONVERSION = YES;
				CLANG_WARN_DEPRECATED_OBJC_IMPLEMENTATIONS = YES;
				CLANG_WARN_DIRECT_OBJC_ISA_USAGE = YES_ERROR;
				CLANG_WARN_DOCUMENTATION_COMMENTS = YES;
				CLANG_WARN_EMPTY_BODY = YES;
				CLANG_WARN_ENUM_CONVERSION = YES;
				CLANG_WARN_INFINITE_RECURSION = YES;
				CLANG_WARN_INT_CONVERSION = YES;
				CLANG_WARN_NON_LITERAL_NULL_CONVERSION = YES;
				CLANG_WARN_OBJC_IMPLICIT_RETAIN_SELF = YES;
				CLANG_WARN_OBJC_LITERAL_CONVERSION = YES;
				CLANG_WARN_OBJC_ROOT_CLASS = YES_ERROR;
				CLANG_WARN_QUOTED_INCLUDE_IN_FRAMEWORK_HEADER = YES;
				CLANG_WARN_RANGE_LOOP_ANALYSIS = YES;
				CLANG_WARN_STRICT_PROTOTYPES = YES;
				CLANG_WARN_SUSPICIOUS_MOVE = YES;
				CLANG_WARN_UNGUARDED_AVAILABILITY = YES_AGGRESSIVE;
				CLANG_WARN_UNREACHABLE_CODE = YES;
				CLANG_WARN__DUPLICATE_METHOD_MATCH = YES;
				COPY_PHASE_STRIP = NO;
				DEBUG_INFORMATION_FORMAT = dwarf;
				ENABLE_STRICT_OBJC_MSGSEND = YES;
				ENABLE_TESTABILITY = YES;
				GCC_C_LANGUAGE_STANDARD = gnu11;
				GCC_DYNAMIC_NO_PIC = NO;
				GCC_NO_COMMON_BLOCKS = YES;
				GCC_OPTIMIZATION_LEVEL = 0;
				GCC_PREPROCESSOR_DEFINITIONS = (
					"DEBUG=1",
					"$(inherited)",
				);
				GCC_WARN_64_TO_32_BIT_CONVERSION = YES;
				GCC_WARN_ABOUT_RETURN_TYPE = YES_ERROR;
				GCC_WARN_UNDECLARED_SELECTOR = YES;
				GCC_WARN_UNINITIALIZED_AUTOS = YES_AGGRESSIVE;
				GCC_WARN_UNUSED_FUNCTION = YES;
				GCC_WARN_UNUSED_VARIABLE = YES;
				IPHONEOS_DEPLOYMENT_TARGET = 16.1;
				MTL_ENABLE_DEBUG_INFO = INCLUDE_SOURCE;
				MTL_FAST_MATH = YES;
				ONLY_ACTIVE_ARCH = YES;
				SDKROOT = iphoneos;
				SWIFT_ACTIVE_COMPILATION_CONDITIONS = DEBUG;
				SWIFT_OPTIMIZATION_LEVEL = "-Onone";
			};
			name = Debug;
		};
		85AC1B2E293EBAEF00CA4556 /* Release */ = {
			isa = XCBuildConfiguration;
			buildSettings = {
				ALWAYS_SEARCH_USER_PATHS = NO;
				CLANG_ANALYZER_NONNULL = YES;
				CLANG_ANALYZER_NUMBER_OBJECT_CONVERSION = YES_AGGRESSIVE;
				CLANG_CXX_LANGUAGE_STANDARD = "gnu++20";
				CLANG_ENABLE_MODULES = YES;
				CLANG_ENABLE_OBJC_ARC = YES;
				CLANG_ENABLE_OBJC_WEAK = YES;
				CLANG_WARN_BLOCK_CAPTURE_AUTORELEASING = YES;
				CLANG_WARN_BOOL_CONVERSION = YES;
				CLANG_WARN_COMMA = YES;
				CLANG_WARN_CONSTANT_CONVERSION = YES;
				CLANG_WARN_DEPRECATED_OBJC_IMPLEMENTATIONS = YES;
				CLANG_WARN_DIRECT_OBJC_ISA_USAGE = YES_ERROR;
				CLANG_WARN_DOCUMENTATION_COMMENTS = YES;
				CLANG_WARN_EMPTY_BODY = YES;
				CLANG_WARN_ENUM_CONVERSION = YES;
				CLANG_WARN_INFINITE_RECURSION = YES;
				CLANG_WARN_INT_CONVERSION = YES;
				CLANG_WARN_NON_LITERAL_NULL_CONVERSION = YES;
				CLANG_WARN_OBJC_IMPLICIT_RETAIN_SELF = YES;
				CLANG_WARN_OBJC_LITERAL_CONVERSION = YES;
				CLANG_WARN_OBJC_ROOT_CLASS = YES_ERROR;
				CLANG_WARN_QUOTED_INCLUDE_IN_FRAMEWORK_HEADER = YES;
				CLANG_WARN_RANGE_LOOP_ANALYSIS = YES;
				CLANG_WARN_STRICT_PROTOTYPES = YES;
				CLANG_WARN_SUSPICIOUS_MOVE = YES;
				CLANG_WARN_UNGUARDED_AVAILABILITY = YES_AGGRESSIVE;
				CLANG_WARN_UNREACHABLE_CODE = YES;
				CLANG_WARN__DUPLICATE_METHOD_MATCH = YES;
				COPY_PHASE_STRIP = NO;
				DEBUG_INFORMATION_FORMAT = "dwarf-with-dsym";
				ENABLE_NS_ASSERTIONS = NO;
				ENABLE_STRICT_OBJC_MSGSEND = YES;
				GCC_C_LANGUAGE_STANDARD = gnu11;
				GCC_NO_COMMON_BLOCKS = YES;
				GCC_WARN_64_TO_32_BIT_CONVERSION = YES;
				GCC_WARN_ABOUT_RETURN_TYPE = YES_ERROR;
				GCC_WARN_UNDECLARED_SELECTOR = YES;
				GCC_WARN_UNINITIALIZED_AUTOS = YES_AGGRESSIVE;
				GCC_WARN_UNUSED_FUNCTION = YES;
				GCC_WARN_UNUSED_VARIABLE = YES;
				IPHONEOS_DEPLOYMENT_TARGET = 16.1;
				MTL_ENABLE_DEBUG_INFO = NO;
				MTL_FAST_MATH = YES;
				SDKROOT = iphoneos;
				SWIFT_COMPILATION_MODE = wholemodule;
				SWIFT_OPTIMIZATION_LEVEL = "-O";
				VALIDATE_PRODUCT = YES;
			};
			name = Release;
		};
		85AC1B30293EBAEF00CA4556 /* Debug */ = {
			isa = XCBuildConfiguration;
			baseConfigurationReference = B3E4F6BF0B19270CB2690F38 /* Pods-vipl.debug.xcconfig */;
			buildSettings = {
				ASSETCATALOG_COMPILER_APPICON_NAME = AppIcon;
				ASSETCATALOG_COMPILER_GLOBAL_ACCENT_COLOR_NAME = AccentColor;
				ASSETCATALOG_COMPILER_INCLUDE_ALL_APPICON_ASSETS = YES;
				CLANG_ENABLE_MODULES = YES;
				CODE_SIGN_STYLE = Automatic;
				CURRENT_PROJECT_VERSION = 1;
				DEVELOPMENT_TEAM = 46PJ3YDAKX;
				GENERATE_INFOPLIST_FILE = YES;
				INFOPLIST_FILE = vipl/Info.plist;
				INFOPLIST_KEY_LSSupportsOpeningDocumentsInPlace = YES;
				INFOPLIST_KEY_NSCameraUsageDescription = "<TBD>";
				INFOPLIST_KEY_NSLocationWhenInUseUsageDescription = "<TBD>";
				INFOPLIST_KEY_NSMicrophoneUsageDescription = "<TBD>";
				INFOPLIST_KEY_NSPhotoLibraryUsageDescription = "<TBD>";
				INFOPLIST_KEY_UIApplicationSupportsIndirectInputEvents = YES;
				INFOPLIST_KEY_UILaunchStoryboardName = LaunchScreen;
				INFOPLIST_KEY_UIMainStoryboardFile = Main;
				INFOPLIST_KEY_UISupportedInterfaceOrientations = "UIInterfaceOrientationLandscapeLeft UIInterfaceOrientationLandscapeRight UIInterfaceOrientationPortrait UIInterfaceOrientationPortraitUpsideDown";
				INFOPLIST_KEY_UISupportsDocumentBrowser = YES;
				IPHONEOS_DEPLOYMENT_TARGET = 14.0;
				LD_RUNPATH_SEARCH_PATHS = (
					"$(inherited)",
					"@executable_path/Frameworks",
				);
				MARKETING_VERSION = 0.1;
				PRODUCT_BUNDLE_IDENTIFIER = com.charlanxcc.vipl;
				PRODUCT_NAME = "$(TARGET_NAME)";
				SWIFT_EMIT_LOC_STRINGS = YES;
				SWIFT_OBJC_BRIDGING_HEADER = "vipl/Utils/vipl-Bridging-Header.h";
				SWIFT_OPTIMIZATION_LEVEL = "-Onone";
				SWIFT_VERSION = 5.0;
				TARGETED_DEVICE_FAMILY = "1,2";
			};
			name = Debug;
		};
		85AC1B31293EBAEF00CA4556 /* Release */ = {
			isa = XCBuildConfiguration;
			baseConfigurationReference = E8397AA763B148BFCC732764 /* Pods-vipl.release.xcconfig */;
			buildSettings = {
				ASSETCATALOG_COMPILER_APPICON_NAME = AppIcon;
				ASSETCATALOG_COMPILER_GLOBAL_ACCENT_COLOR_NAME = AccentColor;
				ASSETCATALOG_COMPILER_INCLUDE_ALL_APPICON_ASSETS = YES;
				CLANG_ENABLE_MODULES = YES;
				CODE_SIGN_STYLE = Automatic;
				CURRENT_PROJECT_VERSION = 1;
				DEVELOPMENT_TEAM = 46PJ3YDAKX;
				GENERATE_INFOPLIST_FILE = YES;
				INFOPLIST_FILE = vipl/Info.plist;
				INFOPLIST_KEY_LSSupportsOpeningDocumentsInPlace = YES;
				INFOPLIST_KEY_NSCameraUsageDescription = "<TBD>";
				INFOPLIST_KEY_NSLocationWhenInUseUsageDescription = "<TBD>";
				INFOPLIST_KEY_NSMicrophoneUsageDescription = "<TBD>";
				INFOPLIST_KEY_NSPhotoLibraryUsageDescription = "<TBD>";
				INFOPLIST_KEY_UIApplicationSupportsIndirectInputEvents = YES;
				INFOPLIST_KEY_UILaunchStoryboardName = LaunchScreen;
				INFOPLIST_KEY_UIMainStoryboardFile = Main;
				INFOPLIST_KEY_UISupportedInterfaceOrientations = "UIInterfaceOrientationLandscapeLeft UIInterfaceOrientationLandscapeRight UIInterfaceOrientationPortrait UIInterfaceOrientationPortraitUpsideDown";
				INFOPLIST_KEY_UISupportsDocumentBrowser = YES;
				IPHONEOS_DEPLOYMENT_TARGET = 14.0;
				LD_RUNPATH_SEARCH_PATHS = (
					"$(inherited)",
					"@executable_path/Frameworks",
				);
				MARKETING_VERSION = 0.1;
				PRODUCT_BUNDLE_IDENTIFIER = com.charlanxcc.vipl;
				PRODUCT_NAME = "$(TARGET_NAME)";
				SWIFT_EMIT_LOC_STRINGS = YES;
				SWIFT_OBJC_BRIDGING_HEADER = "vipl/Utils/vipl-Bridging-Header.h";
				SWIFT_VERSION = 5.0;
				TARGETED_DEVICE_FAMILY = "1,2";
			};
			name = Release;
		};
		85AC1B33293EBAEF00CA4556 /* Debug */ = {
			isa = XCBuildConfiguration;
			buildSettings = {
				ALWAYS_EMBED_SWIFT_STANDARD_LIBRARIES = YES;
				BUNDLE_LOADER = "$(TEST_HOST)";
				CODE_SIGN_STYLE = Automatic;
				CURRENT_PROJECT_VERSION = 1;
				DEVELOPMENT_TEAM = 46PJ3YDAKX;
				GENERATE_INFOPLIST_FILE = YES;
				IPHONEOS_DEPLOYMENT_TARGET = 16.1;
				MARKETING_VERSION = 1.0;
				PRODUCT_BUNDLE_IDENTIFIER = com.charlanxcc.viplTests;
				PRODUCT_NAME = "$(TARGET_NAME)";
				SWIFT_EMIT_LOC_STRINGS = NO;
				SWIFT_VERSION = 5.0;
				TARGETED_DEVICE_FAMILY = "1,2";
				TEST_HOST = "$(BUILT_PRODUCTS_DIR)/vipl.app/$(BUNDLE_EXECUTABLE_FOLDER_PATH)/vipl";
			};
			name = Debug;
		};
		85AC1B34293EBAEF00CA4556 /* Release */ = {
			isa = XCBuildConfiguration;
			buildSettings = {
				ALWAYS_EMBED_SWIFT_STANDARD_LIBRARIES = YES;
				BUNDLE_LOADER = "$(TEST_HOST)";
				CODE_SIGN_STYLE = Automatic;
				CURRENT_PROJECT_VERSION = 1;
				DEVELOPMENT_TEAM = 46PJ3YDAKX;
				GENERATE_INFOPLIST_FILE = YES;
				IPHONEOS_DEPLOYMENT_TARGET = 16.1;
				MARKETING_VERSION = 1.0;
				PRODUCT_BUNDLE_IDENTIFIER = com.charlanxcc.viplTests;
				PRODUCT_NAME = "$(TARGET_NAME)";
				SWIFT_EMIT_LOC_STRINGS = NO;
				SWIFT_VERSION = 5.0;
				TARGETED_DEVICE_FAMILY = "1,2";
				TEST_HOST = "$(BUILT_PRODUCTS_DIR)/vipl.app/$(BUNDLE_EXECUTABLE_FOLDER_PATH)/vipl";
			};
			name = Release;
		};
		85AC1B36293EBAEF00CA4556 /* Debug */ = {
			isa = XCBuildConfiguration;
			buildSettings = {
				ALWAYS_EMBED_SWIFT_STANDARD_LIBRARIES = YES;
				CODE_SIGN_STYLE = Automatic;
				CURRENT_PROJECT_VERSION = 1;
				DEVELOPMENT_TEAM = 46PJ3YDAKX;
				GENERATE_INFOPLIST_FILE = YES;
				MARKETING_VERSION = 1.0;
				PRODUCT_BUNDLE_IDENTIFIER = com.charlanxcc.viplUITests;
				PRODUCT_NAME = "$(TARGET_NAME)";
				SWIFT_EMIT_LOC_STRINGS = NO;
				SWIFT_VERSION = 5.0;
				TARGETED_DEVICE_FAMILY = "1,2";
				TEST_TARGET_NAME = vipl;
			};
			name = Debug;
		};
		85AC1B37293EBAEF00CA4556 /* Release */ = {
			isa = XCBuildConfiguration;
			buildSettings = {
				ALWAYS_EMBED_SWIFT_STANDARD_LIBRARIES = YES;
				CODE_SIGN_STYLE = Automatic;
				CURRENT_PROJECT_VERSION = 1;
				DEVELOPMENT_TEAM = 46PJ3YDAKX;
				GENERATE_INFOPLIST_FILE = YES;
				MARKETING_VERSION = 1.0;
				PRODUCT_BUNDLE_IDENTIFIER = com.charlanxcc.viplUITests;
				PRODUCT_NAME = "$(TARGET_NAME)";
				SWIFT_EMIT_LOC_STRINGS = NO;
				SWIFT_VERSION = 5.0;
				TARGETED_DEVICE_FAMILY = "1,2";
				TEST_TARGET_NAME = vipl;
			};
			name = Release;
		};
/* End XCBuildConfiguration section */

/* Begin XCConfigurationList section */
		85AC1B00293EBAEE00CA4556 /* Build configuration list for PBXProject "vipl" */ = {
			isa = XCConfigurationList;
			buildConfigurations = (
				85AC1B2D293EBAEF00CA4556 /* Debug */,
				85AC1B2E293EBAEF00CA4556 /* Release */,
			);
			defaultConfigurationIsVisible = 0;
			defaultConfigurationName = Release;
		};
		85AC1B2F293EBAEF00CA4556 /* Build configuration list for PBXNativeTarget "vipl" */ = {
			isa = XCConfigurationList;
			buildConfigurations = (
				85AC1B30293EBAEF00CA4556 /* Debug */,
				85AC1B31293EBAEF00CA4556 /* Release */,
			);
			defaultConfigurationIsVisible = 0;
			defaultConfigurationName = Release;
		};
		85AC1B32293EBAEF00CA4556 /* Build configuration list for PBXNativeTarget "viplTests" */ = {
			isa = XCConfigurationList;
			buildConfigurations = (
				85AC1B33293EBAEF00CA4556 /* Debug */,
				85AC1B34293EBAEF00CA4556 /* Release */,
			);
			defaultConfigurationIsVisible = 0;
			defaultConfigurationName = Release;
		};
		85AC1B35293EBAEF00CA4556 /* Build configuration list for PBXNativeTarget "viplUITests" */ = {
			isa = XCConfigurationList;
			buildConfigurations = (
				85AC1B36293EBAEF00CA4556 /* Debug */,
				85AC1B37293EBAEF00CA4556 /* Release */,
			);
			defaultConfigurationIsVisible = 0;
			defaultConfigurationName = Release;
		};
/* End XCConfigurationList section */
	};
	rootObject = 85AC1AFD293EBAEE00CA4556 /* Project object */;
}
